
Microsoft Visual Studio Solution File, Format Version 12.00
# Visual Studio 15
VisualStudioVersion = 15.0.28307.572
MinimumVisualStudioVersion = 10.0.40219.1
Project("{FAE04EC0-301F-11D3-BF4B-00C04F79EFBC}") = "SportsStore.Domain", "SportsStore.Domain\SportsStore.Domain.csproj", "{55EF19FE-BBD8-499E-84C6-20A64E5A4DBB}"
EndProject
Project("{FAE04EC0-301F-11D3-BF4B-00C04F79EFBC}") = "SportsStore.WebUI", "SportsStore.WebUI\SportsStore.WebUI.csproj", "{DAE66561-33A5-4708-BEE8-8143093496C4}"
EndProject
Project("{FAE04EC0-301F-11D3-BF4B-00C04F79EFBC}") = "SportsStore.UnitTests", "SportsStore.UnitTests\SportsStore.UnitTests.csproj", "{AFE9382C-4E38-4074-B77F-F9E05228CC2E}"
EndProject
Global
	GlobalSection(SolutionConfigurationPlatforms) = preSolution
		Debug|Any CPU = Debug|Any CPU
		Release|Any CPU = Release|Any CPU
	EndGlobalSection
	GlobalSection(ProjectConfigurationPlatforms) = postSolution
		{55EF19FE-BBD8-499E-84C6-20A64E5A4DBB}.Debug|Any CPU.ActiveCfg = Debug|Any CPU
		{55EF19FE-BBD8-499E-84C6-20A64E5A4DBB}.Debug|Any CPU.Build.0 = Debug|Any CPU
		{55EF19FE-BBD8-499E-84C6-20A64E5A4DBB}.Release|Any CPU.ActiveCfg = Release|Any CPU
		{55EF19FE-BBD8-499E-84C6-20A64E5A4DBB}.Release|Any CPU.Build.0 = Release|Any CPU
		{DAE66561-33A5-4708-BEE8-8143093496C4}.Debug|Any CPU.ActiveCfg = Debug|Any CPU
		{DAE66561-33A5-4708-BEE8-8143093496C4}.Debug|Any CPU.Build.0 = Debug|Any CPU
		{DAE66561-33A5-4708-BEE8-8143093496C4}.Release|Any CPU.ActiveCfg = Release|Any CPU
		{DAE66561-33A5-4708-BEE8-8143093496C4}.Release|Any CPU.Build.0 = Release|Any CPU
		{AFE9382C-4E38-4074-B77F-F9E05228CC2E}.Debug|Any CPU.ActiveCfg = Debug|Any CPU
		{AFE9382C-4E38-4074-B77F-F9E05228CC2E}.Debug|Any CPU.Build.0 = Debug|Any CPU
		{AFE9382C-4E38-4074-B77F-F9E05228CC2E}.Release|Any CPU.ActiveCfg = Release|Any CPU
		{AFE9382C-4E38-4074-B77F-F9E05228CC2E}.Release|Any CPU.Build.0 = Release|Any CPU
	EndGlobalSection
	GlobalSection(SolutionProperties) = preSolution
		HideSolutionNode = FALSE
	EndGlobalSection
	GlobalSection(ExtensibilityGlobals) = postSolution
		SolutionGuid = {8E7C4654-BDAC-4FB5-9E50-BE86A5F43855}
	EndGlobalSection
EndGlobal
